
Microsoft Visual Studio Solution File, Format Version 12.00
# Visual Studio Version 16
VisualStudioVersion = 16.0.30128.74
MinimumVisualStudioVersion = 10.0.40219.1
Project("{2150E333-8FDC-42A3-9474-1A3956D46DE8}") = "Presentation.UI", "Presentation.UI", "{B44F96A8-0B35-4BE6-A476-96A323A686A0}"
EndProject
Project("{2150E333-8FDC-42A3-9474-1A3956D46DE8}") = "Infrastructure.IoC", "Infrastructure.IoC", "{A78CC685-81C4-4793-8318-E79DFF09B77E}"
EndProject
Project("{2150E333-8FDC-42A3-9474-1A3956D46DE8}") = "Infrastructure.Data", "Infrastructure.Data", "{A405A810-3E08-437A-8CF8-76E0DF898136}"
EndProject
Project("{2150E333-8FDC-42A3-9474-1A3956D46DE8}") = "Application.Core", "Application.Core", "{774182BA-0A00-43B1-8955-80D8AE7EDB00}"
EndProject
Project("{2150E333-8FDC-42A3-9474-1A3956D46DE8}") = "Domain", "Domain", "{165EB170-E9F7-4A78-B46F-BD4E18D840CE}"
EndProject
Project("{9A19103F-16F7-4668-BE54-9A1E7A4F7556}") = "Proteus.Application", "Proteus.Application\Proteus.Application.csproj", "{0090DB28-9FC1-4129-99A9-3F7F7D7BB16B}"
EndProject
Project("{9A19103F-16F7-4668-BE54-9A1E7A4F7556}") = "Proteus.Domain", "Proteus.Domain\Proteus.Domain.csproj", "{E4382FC9-5FCE-4825-9300-593E8CDD5CE9}"
EndProject
Project("{9A19103F-16F7-4668-BE54-9A1E7A4F7556}") = "Proteus.Infra.Data", "Proteus.Infra.Data\Proteus.Infra.Data.csproj", "{C4AA5B5F-9094-4583-BDE3-7C1144EB6D56}"
EndProject
Project("{9A19103F-16F7-4668-BE54-9A1E7A4F7556}") = "Proteus.Infra.IoC", "Proteus.Infra.IoC\Proteus.Infra.IoC.csproj", "{694AEC61-F529-4272-A7D4-1D7BB4821D6B}"
EndProject
Project("{9A19103F-16F7-4668-BE54-9A1E7A4F7556}") = "Proteus.UI", "Proteus.UI\Proteus.UI.csproj", "{09C18374-E93F-415E-8372-02BFAD22C754}"
EndProject
Project("{2150E333-8FDC-42A3-9474-1A3956D46DE8}") = "Api", "Api", "{9E4F68E7-8A4F-49A3-8941-A597F8EDE092}"
EndProject
Project("{FAE04EC0-301F-11D3-BF4B-00C04F79EFBC}") = "Proteus.Api", "Proteus.Api\Proteus.Api.csproj", "{DFE2C75B-C3AA-4B97-B2C1-1D043679A518}"
EndProject
Project("{FAE04EC0-301F-11D3-BF4B-00C04F79EFBC}") = "Proteus.Domain.Core", "Proteus.Domain.Core\Proteus.Domain.Core.csproj", "{024EBADE-7013-4DED-BB4C-A6A9775679BE}"
EndProject
Project("{2150E333-8FDC-42A3-9474-1A3956D46DE8}") = "Infrastructure.Bus", "Infrastructure.Bus", "{A7C547A7-61B9-4725-9FDB-08B7D939A390}"
EndProject
Project("{FAE04EC0-301F-11D3-BF4B-00C04F79EFBC}") = "Proteus.Infra.Bus", "Proteus.Infra.Bus\Proteus.Infra.Bus.csproj", "{E23905E2-3D93-444B-8E98-AD36BC6AF0E8}"
EndProject
Global
	GlobalSection(SolutionConfigurationPlatforms) = preSolution
		Debug|Any CPU = Debug|Any CPU
		Release|Any CPU = Release|Any CPU
	EndGlobalSection
	GlobalSection(ProjectConfigurationPlatforms) = postSolution
		{0090DB28-9FC1-4129-99A9-3F7F7D7BB16B}.Debug|Any CPU.ActiveCfg = Debug|Any CPU
		{0090DB28-9FC1-4129-99A9-3F7F7D7BB16B}.Debug|Any CPU.Build.0 = Debug|Any CPU
		{0090DB28-9FC1-4129-99A9-3F7F7D7BB16B}.Release|Any CPU.ActiveCfg = Release|Any CPU
		{0090DB28-9FC1-4129-99A9-3F7F7D7BB16B}.Release|Any CPU.Build.0 = Release|Any CPU
		{E4382FC9-5FCE-4825-9300-593E8CDD5CE9}.Debug|Any CPU.ActiveCfg = Debug|Any CPU
		{E4382FC9-5FCE-4825-9300-593E8CDD5CE9}.Debug|Any CPU.Build.0 = Debug|Any CPU
		{E4382FC9-5FCE-4825-9300-593E8CDD5CE9}.Release|Any CPU.ActiveCfg = Release|Any CPU
		{E4382FC9-5FCE-4825-9300-593E8CDD5CE9}.Release|Any CPU.Build.0 = Release|Any CPU
		{C4AA5B5F-9094-4583-BDE3-7C1144EB6D56}.Debug|Any CPU.ActiveCfg = Debug|Any CPU
		{C4AA5B5F-9094-4583-BDE3-7C1144EB6D56}.Debug|Any CPU.Build.0 = Debug|Any CPU
		{C4AA5B5F-9094-4583-BDE3-7C1144EB6D56}.Release|Any CPU.ActiveCfg = Release|Any CPU
		{C4AA5B5F-9094-4583-BDE3-7C1144EB6D56}.Release|Any CPU.Build.0 = Release|Any CPU
		{694AEC61-F529-4272-A7D4-1D7BB4821D6B}.Debug|Any CPU.ActiveCfg = Debug|Any CPU
		{694AEC61-F529-4272-A7D4-1D7BB4821D6B}.Debug|Any CPU.Build.0 = Debug|Any CPU
		{694AEC61-F529-4272-A7D4-1D7BB4821D6B}.Release|Any CPU.ActiveCfg = Release|Any CPU
		{694AEC61-F529-4272-A7D4-1D7BB4821D6B}.Release|Any CPU.Build.0 = Release|Any CPU
		{09C18374-E93F-415E-8372-02BFAD22C754}.Debug|Any CPU.ActiveCfg = Debug|Any CPU
		{09C18374-E93F-415E-8372-02BFAD22C754}.Debug|Any CPU.Build.0 = Debug|Any CPU
		{09C18374-E93F-415E-8372-02BFAD22C754}.Release|Any CPU.ActiveCfg = Release|Any CPU
		{09C18374-E93F-415E-8372-02BFAD22C754}.Release|Any CPU.Build.0 = Release|Any CPU
		{DFE2C75B-C3AA-4B97-B2C1-1D043679A518}.Debug|Any CPU.ActiveCfg = Debug|Any CPU
		{DFE2C75B-C3AA-4B97-B2C1-1D043679A518}.Debug|Any CPU.Build.0 = Debug|Any CPU
		{DFE2C75B-C3AA-4B97-B2C1-1D043679A518}.Release|Any CPU.ActiveCfg = Release|Any CPU
		{DFE2C75B-C3AA-4B97-B2C1-1D043679A518}.Release|Any CPU.Build.0 = Release|Any CPU
		{024EBADE-7013-4DED-BB4C-A6A9775679BE}.Debug|Any CPU.ActiveCfg = Debug|Any CPU
		{024EBADE-7013-4DED-BB4C-A6A9775679BE}.Debug|Any CPU.Build.0 = Debug|Any CPU
		{024EBADE-7013-4DED-BB4C-A6A9775679BE}.Release|Any CPU.ActiveCfg = Release|Any CPU
		{024EBADE-7013-4DED-BB4C-A6A9775679BE}.Release|Any CPU.Build.0 = Release|Any CPU
		{E23905E2-3D93-444B-8E98-AD36BC6AF0E8}.Debug|Any CPU.ActiveCfg = Debug|Any CPU
		{E23905E2-3D93-444B-8E98-AD36BC6AF0E8}.Debug|Any CPU.Build.0 = Debug|Any CPU
		{E23905E2-3D93-444B-8E98-AD36BC6AF0E8}.Release|Any CPU.ActiveCfg = Release|Any CPU
		{E23905E2-3D93-444B-8E98-AD36BC6AF0E8}.Release|Any CPU.Build.0 = Release|Any CPU
	EndGlobalSection
	GlobalSection(SolutionProperties) = preSolution
		HideSolutionNode = FALSE
	EndGlobalSection
	GlobalSection(NestedProjects) = preSolution
		{0090DB28-9FC1-4129-99A9-3F7F7D7BB16B} = {774182BA-0A00-43B1-8955-80D8AE7EDB00}
		{E4382FC9-5FCE-4825-9300-593E8CDD5CE9} = {165EB170-E9F7-4A78-B46F-BD4E18D840CE}
		{C4AA5B5F-9094-4583-BDE3-7C1144EB6D56} = {A405A810-3E08-437A-8CF8-76E0DF898136}
		{694AEC61-F529-4272-A7D4-1D7BB4821D6B} = {A78CC685-81C4-4793-8318-E79DFF09B77E}
		{09C18374-E93F-415E-8372-02BFAD22C754} = {B44F96A8-0B35-4BE6-A476-96A323A686A0}
		{DFE2C75B-C3AA-4B97-B2C1-1D043679A518} = {9E4F68E7-8A4F-49A3-8941-A597F8EDE092}
		{024EBADE-7013-4DED-BB4C-A6A9775679BE} = {165EB170-E9F7-4A78-B46F-BD4E18D840CE}
		{E23905E2-3D93-444B-8E98-AD36BC6AF0E8} = {A7C547A7-61B9-4725-9FDB-08B7D939A390}
	EndGlobalSection
	GlobalSection(ExtensibilityGlobals) = postSolution
		SolutionGuid = {2D6C9124-F89F-45E1-BC84-B3527B749177}
	EndGlobalSection
EndGlobal
